// !$*UTF8*$!
{
	archiveVersion = 1;
	classes = {
	};
	objectVersion = 52;
	objects = {

/* Begin PBXBuildFile section */
		FB07B649271DBA4C0056A5E5 /* QR_GeneratorApp.swift in Sources */ = {isa = PBXBuildFile; fileRef = FB07B648271DBA4C0056A5E5 /* QR_GeneratorApp.swift */; };
		FB07B64B271DBA4C0056A5E5 /* ContentView.swift in Sources */ = {isa = PBXBuildFile; fileRef = FB07B64A271DBA4C0056A5E5 /* ContentView.swift */; };
		FB07B64D271DBA4F0056A5E5 /* Assets.xcassets in Resources */ = {isa = PBXBuildFile; fileRef = FB07B64C271DBA4F0056A5E5 /* Assets.xcassets */; };
		FB07B650271DBA4F0056A5E5 /* Preview Assets.xcassets in Resources */ = {isa = PBXBuildFile; fileRef = FB07B64F271DBA4F0056A5E5 /* Preview Assets.xcassets */; };
		FB6E767B2721C4BD00862725 /* GeneratedQRView.swift in Sources */ = {isa = PBXBuildFile; fileRef = FB6E767A2721C4BD00862725 /* GeneratedQRView.swift */; };
		FB6E767D27303E8B00862725 /* HomeView.swift in Sources */ = {isa = PBXBuildFile; fileRef = FB6E767C27303E8B00862725 /* HomeView.swift */; };
		FB6E76A92734335D00862725 /* CodeScanner in Frameworks */ = {isa = PBXBuildFile; productRef = FB6E76A82734335D00862725 /* CodeScanner */; };
		FB6E76B127343A3500862725 /* QRCodeScannerView.swift in Sources */ = {isa = PBXBuildFile; fileRef = FB6E76B027343A3500862725 /* QRCodeScannerView.swift */; };
/* End PBXBuildFile section */

/* Begin PBXFileReference section */
		FB07B645271DBA4C0056A5E5 /* QR_Generator.app */ = {isa = PBXFileReference; explicitFileType = wrapper.application; includeInIndex = 0; path = QR_Generator.app; sourceTree = BUILT_PRODUCTS_DIR; };
		FB07B648271DBA4C0056A5E5 /* QR_GeneratorApp.swift */ = {isa = PBXFileReference; lastKnownFileType = sourcecode.swift; path = QR_GeneratorApp.swift; sourceTree = "<group>"; };
		FB07B64A271DBA4C0056A5E5 /* ContentView.swift */ = {isa = PBXFileReference; lastKnownFileType = sourcecode.swift; path = ContentView.swift; sourceTree = "<group>"; };
		FB07B64C271DBA4F0056A5E5 /* Assets.xcassets */ = {isa = PBXFileReference; lastKnownFileType = folder.assetcatalog; path = Assets.xcassets; sourceTree = "<group>"; };
		FB07B64F271DBA4F0056A5E5 /* Preview Assets.xcassets */ = {isa = PBXFileReference; lastKnownFileType = folder.assetcatalog; path = "Preview Assets.xcassets"; sourceTree = "<group>"; };
		FB07B651271DBA4F0056A5E5 /* Info.plist */ = {isa = PBXFileReference; lastKnownFileType = text.plist.xml; path = Info.plist; sourceTree = "<group>"; };
		FB6E767A2721C4BD00862725 /* GeneratedQRView.swift */ = {isa = PBXFileReference; lastKnownFileType = sourcecode.swift; path = GeneratedQRView.swift; sourceTree = "<group>"; };
		FB6E767C27303E8B00862725 /* HomeView.swift */ = {isa = PBXFileReference; lastKnownFileType = sourcecode.swift; path = HomeView.swift; sourceTree = "<group>"; };
		FB6E76B027343A3500862725 /* QRCodeScannerView.swift */ = {isa = PBXFileReference; lastKnownFileType = sourcecode.swift; path = QRCodeScannerView.swift; sourceTree = "<group>"; };
/* End PBXFileReference section */

/* Begin PBXFrameworksBuildPhase section */
		FB07B642271DBA4C0056A5E5 /* Frameworks */ = {
			isa = PBXFrameworksBuildPhase;
			buildActionMask = 2147483647;
			files = (
				FB6E76A92734335D00862725 /* CodeScanner in Frameworks */,
			);
			runOnlyForDeploymentPostprocessing = 0;
		};
/* End PBXFrameworksBuildPhase section */

/* Begin PBXGroup section */
		FB07B63C271DBA4C0056A5E5 = {
			isa = PBXGroup;
			children = (
				FB07B647271DBA4C0056A5E5 /* QR_Generator */,
				FB07B646271DBA4C0056A5E5 /* Products */,
			);
			sourceTree = "<group>";
		};
		FB07B646271DBA4C0056A5E5 /* Products */ = {
			isa = PBXGroup;
			children = (
				FB07B645271DBA4C0056A5E5 /* QR_Generator.app */,
			);
			name = Products;
			sourceTree = "<group>";
		};
		FB07B647271DBA4C0056A5E5 /* QR_Generator */ = {
			isa = PBXGroup;
			children = (
				FB07B648271DBA4C0056A5E5 /* QR_GeneratorApp.swift */,
				FB07B64A271DBA4C0056A5E5 /* ContentView.swift */,
				FB6E767C27303E8B00862725 /* HomeView.swift */,
				FB6E76B027343A3500862725 /* QRCodeScannerView.swift */,
				FB6E767A2721C4BD00862725 /* GeneratedQRView.swift */,
				FB07B64C271DBA4F0056A5E5 /* Assets.xcassets */,
				FB07B651271DBA4F0056A5E5 /* Info.plist */,
				FB07B64E271DBA4F0056A5E5 /* Preview Content */,
			);
			path = QR_Generator;
			sourceTree = "<group>";
		};
		FB07B64E271DBA4F0056A5E5 /* Preview Content */ = {
			isa = PBXGroup;
			children = (
				FB07B64F271DBA4F0056A5E5 /* Preview Assets.xcassets */,
			);
			path = "Preview Content";
			sourceTree = "<group>";
		};
/* End PBXGroup section */

/* Begin PBXNativeTarget section */
		FB07B644271DBA4C0056A5E5 /* QR_Generator */ = {
			isa = PBXNativeTarget;
			buildConfigurationList = FB07B654271DBA4F0056A5E5 /* Build configuration list for PBXNativeTarget "QR_Generator" */;
			buildPhases = (
				FB07B641271DBA4C0056A5E5 /* Sources */,
				FB07B642271DBA4C0056A5E5 /* Frameworks */,
				FB07B643271DBA4C0056A5E5 /* Resources */,
			);
			buildRules = (
			);
			dependencies = (
			);
			name = QR_Generator;
			packageProductDependencies = (
				FB6E76A82734335D00862725 /* CodeScanner */,
			);
			productName = QR_Generator;
			productReference = FB07B645271DBA4C0056A5E5 /* QR_Generator.app */;
			productType = "com.apple.product-type.application";
		};
/* End PBXNativeTarget section */

/* Begin PBXProject section */
		FB07B63D271DBA4C0056A5E5 /* Project object */ = {
			isa = PBXProject;
			attributes = {
				LastSwiftUpdateCheck = 1250;
				LastUpgradeCheck = 1250;
				TargetAttributes = {
					FB07B644271DBA4C0056A5E5 = {
						CreatedOnToolsVersion = 12.5.1;
					};
				};
			};
			buildConfigurationList = FB07B640271DBA4C0056A5E5 /* Build configuration list for PBXProject "QR_Generator" */;
			compatibilityVersion = "Xcode 9.3";
			developmentRegion = en;
			hasScannedForEncodings = 0;
			knownRegions = (
				en,
				Base,
			);
			mainGroup = FB07B63C271DBA4C0056A5E5;
			packageReferences = (
				FB6E76A72734335D00862725 /* XCRemoteSwiftPackageReference "CodeScanner" */,
			);
			productRefGroup = FB07B646271DBA4C0056A5E5 /* Products */;
			projectDirPath = "";
			projectRoot = "";
			targets = (
				FB07B644271DBA4C0056A5E5 /* QR_Generator */,
			);
		};
/* End PBXProject section */

/* Begin PBXResourcesBuildPhase section */
		FB07B643271DBA4C0056A5E5 /* Resources */ = {
			isa = PBXResourcesBuildPhase;
			buildActionMask = 2147483647;
			files = (
				FB07B650271DBA4F0056A5E5 /* Preview Assets.xcassets in Resources */,
				FB07B64D271DBA4F0056A5E5 /* Assets.xcassets in Resources */,
			);
			runOnlyForDeploymentPostprocessing = 0;
		};
/* End PBXResourcesBuildPhase section */

/* Begin PBXSourcesBuildPhase section */
		FB07B641271DBA4C0056A5E5 /* Sources */ = {
			isa = PBXSourcesBuildPhase;
			buildActionMask = 2147483647;
			files = (
				FB6E767B2721C4BD00862725 /* GeneratedQRView.swift in Sources */,
				FB6E767D27303E8B00862725 /* HomeView.swift in Sources */,
				FB6E76B127343A3500862725 /* QRCodeScannerView.swift in Sources */,
				FB07B64B271DBA4C0056A5E5 /* ContentView.swift in Sources */,
				FB07B649271DBA4C0056A5E5 /* QR_GeneratorApp.swift in Sources */,
			);
			runOnlyForDeploymentPostprocessing = 0;
		};
/* End PBXSourcesBuildPhase section */

/* Begin XCBuildConfiguration section */
		FB07B652271DBA4F0056A5E5 /* Debug */ = {
			isa = XCBuildConfiguration;
			buildSettings = {
				ALWAYS_SEARCH_USER_PATHS = NO;
				CLANG_ANALYZER_NONNULL = YES;
				CLANG_ANALYZER_NUMBER_OBJECT_CONVERSION = YES_AGGRESSIVE;
				CLANG_CXX_LANGUAGE_STANDARD = "gnu++14";
				CLANG_CXX_LIBRARY = "libc++";
				CLANG_ENABLE_MODULES = YES;
				CLANG_ENABLE_OBJC_ARC = YES;
				CLANG_ENABLE_OBJC_WEAK = YES;
				CLANG_WARN_BLOCK_CAPTURE_AUTORELEASING = YES;
				CLANG_WARN_BOOL_CONVERSION = YES;
				CLANG_WARN_COMMA = YES;
				CLANG_WARN_CONSTANT_CONVERSION = YES;
				CLANG_WARN_DEPRECATED_OBJC_IMPLEMENTATIONS = YES;
				CLANG_WARN_DIRECT_OBJC_ISA_USAGE = YES_ERROR;
				CLANG_WARN_DOCUMENTATION_COMMENTS = YES;
				CLANG_WARN_EMPTY_BODY = YES;
				CLANG_WARN_ENUM_CONVERSION = YES;
				CLANG_WARN_INFINITE_RECURSION = YES;
				CLANG_WARN_INT_CONVERSION = YES;
				CLANG_WARN_NON_LITERAL_NULL_CONVERSION = YES;
				CLANG_WARN_OBJC_IMPLICIT_RETAIN_SELF = YES;
				CLANG_WARN_OBJC_LITERAL_CONVERSION = YES;
				CLANG_WARN_OBJC_ROOT_CLASS = YES_ERROR;
				CLANG_WARN_QUOTED_INCLUDE_IN_FRAMEWORK_HEADER = YES;
				CLANG_WARN_RANGE_LOOP_ANALYSIS = YES;
				CLANG_WARN_STRICT_PROTOTYPES = YES;
				CLANG_WARN_SUSPICIOUS_MOVE = YES;
				CLANG_WARN_UNGUARDED_AVAILABILITY = YES_AGGRESSIVE;
				CLANG_WARN_UNREACHABLE_CODE = YES;
				CLANG_WARN__DUPLICATE_METHOD_MATCH = YES;
				COPY_PHASE_STRIP = NO;
				DEBUG_INFORMATION_FORMAT = dwarf;
				ENABLE_STRICT_OBJC_MSGSEND = YES;
				ENABLE_TESTABILITY = YES;
				GCC_C_LANGUAGE_STANDARD = gnu11;
				GCC_DYNAMIC_NO_PIC = NO;
				GCC_NO_COMMON_BLOCKS = YES;
				GCC_OPTIMIZATION_LEVEL = 0;
				GCC_PREPROCESSOR_DEFINITIONS = (
					"DEBUG=1",
					"$(inherited)",
				);
				GCC_WARN_64_TO_32_BIT_CONVERSION = YES;
				GCC_WARN_ABOUT_RETURN_TYPE = YES_ERROR;
				GCC_WARN_UNDECLARED_SELECTOR = YES;
				GCC_WARN_UNINITIALIZED_AUTOS = YES_AGGRESSIVE;
				GCC_WARN_UNUSED_FUNCTION = YES;
				GCC_WARN_UNUSED_VARIABLE = YES;
				IPHONEOS_DEPLOYMENT_TARGET = 14.5;
				MTL_ENABLE_DEBUG_INFO = INCLUDE_SOURCE;
				MTL_FAST_MATH = YES;
				ONLY_ACTIVE_ARCH = YES;
				SDKROOT = iphoneos;
				SWIFT_ACTIVE_COMPILATION_CONDITIONS = DEBUG;
				SWIFT_OPTIMIZATION_LEVEL = "-Onone";
			};
			name = Debug;
		};
		FB07B653271DBA4F0056A5E5 /* Release */ = {
			isa = XCBuildConfiguration;
			buildSettings = {
				ALWAYS_SEARCH_USER_PATHS = NO;
				CLANG_ANALYZER_NONNULL = YES;
				CLANG_ANALYZER_NUMBER_OBJECT_CONVERSION = YES_AGGRESSIVE;
				CLANG_CXX_LANGUAGE_STANDARD = "gnu++14";
				CLANG_CXX_LIBRARY = "libc++";
				CLANG_ENABLE_MODULES = YES;
				CLANG_ENABLE_OBJC_ARC = YES;
				CLANG_ENABLE_OBJC_WEAK = YES;
				CLANG_WARN_BLOCK_CAPTURE_AUTORELEASING = YES;
				CLANG_WARN_BOOL_CONVERSION = YES;
				CLANG_WARN_COMMA = YES;
				CLANG_WARN_CONSTANT_CONVERSION = YES;
				CLANG_WARN_DEPRECATED_OBJC_IMPLEMENTATIONS = YES;
				CLANG_WARN_DIRECT_OBJC_ISA_USAGE = YES_ERROR;
				CLANG_WARN_DOCUMENTATION_COMMENTS = YES;
				CLANG_WARN_EMPTY_BODY = YES;
				CLANG_WARN_ENUM_CONVERSION = YES;
				CLANG_WARN_INFINITE_RECURSION = YES;
				CLANG_WARN_INT_CONVERSION = YES;
				CLANG_WARN_NON_LITERAL_NULL_CONVERSION = YES;
				CLANG_WARN_OBJC_IMPLICIT_RETAIN_SELF = YES;
				CLANG_WARN_OBJC_LITERAL_CONVERSION = YES;
				CLANG_WARN_OBJC_ROOT_CLASS = YES_ERROR;
				CLANG_WARN_QUOTED_INCLUDE_IN_FRAMEWORK_HEADER = YES;
				CLANG_WARN_RANGE_LOOP_ANALYSIS = YES;
				CLANG_WARN_STRICT_PROTOTYPES = YES;
				CLANG_WARN_SUSPICIOUS_MOVE = YES;
				CLANG_WARN_UNGUARDED_AVAILABILITY = YES_AGGRESSIVE;
				CLANG_WARN_UNREACHABLE_CODE = YES;
				CLANG_WARN__DUPLICATE_METHOD_MATCH = YES;
				COPY_PHASE_STRIP = NO;
				DEBUG_INFORMATION_FORMAT = "dwarf-with-dsym";
				ENABLE_NS_ASSERTIONS = NO;
				ENABLE_STRICT_OBJC_MSGSEND = YES;
				GCC_C_LANGUAGE_STANDARD = gnu11;
				GCC_NO_COMMON_BLOCKS = YES;
				GCC_WARN_64_TO_32_BIT_CONVERSION = YES;
				GCC_WARN_ABOUT_RETURN_TYPE = YES_ERROR;
				GCC_WARN_UNDECLARED_SELECTOR = YES;
				GCC_WARN_UNINITIALIZED_AUTOS = YES_AGGRESSIVE;
				GCC_WARN_UNUSED_FUNCTION = YES;
				GCC_WARN_UNUSED_VARIABLE = YES;
				IPHONEOS_DEPLOYMENT_TARGET = 14.5;
				MTL_ENABLE_DEBUG_INFO = NO;
				MTL_FAST_MATH = YES;
				SDKROOT = iphoneos;
				SWIFT_COMPILATION_MODE = wholemodule;
				SWIFT_OPTIMIZATION_LEVEL = "-O";
				VALIDATE_PRODUCT = YES;
			};
			name = Release;
		};
		FB07B655271DBA4F0056A5E5 /* Debug */ = {
			isa = XCBuildConfiguration;
			buildSettings = {
				ASSETCATALOG_COMPILER_APPICON_NAME = AppIcon;
				ASSETCATALOG_COMPILER_GLOBAL_ACCENT_COLOR_NAME = AccentColor;
				CODE_SIGN_STYLE = Automatic;
				DEVELOPMENT_ASSET_PATHS = "\"QR_Generator/Preview Content\"";
				DEVELOPMENT_TEAM = JL4L79WG69;
				ENABLE_PREVIEWS = YES;
				INFOPLIST_FILE = QR_Generator/Info.plist;
				IPHONEOS_DEPLOYMENT_TARGET = 14.0;
				LD_RUNPATH_SEARCH_PATHS = (
					"$(inherited)",
					"@executable_path/Frameworks",
				);
				PRODUCT_BUNDLE_IDENTIFIER = "ITESM.QR-Generator";
				PRODUCT_NAME = "$(TARGET_NAME)";
				SWIFT_VERSION = 5.0;
				TARGETED_DEVICE_FAMILY = "1,2";
			};
			name = Debug;
		};
		FB07B656271DBA4F0056A5E5 /* Release */ = {
			isa = XCBuildConfiguration;
			buildSettings = {
				ASSETCATALOG_COMPILER_APPICON_NAME = AppIcon;
				ASSETCATALOG_COMPILER_GLOBAL_ACCENT_COLOR_NAME = AccentColor;
				CODE_SIGN_STYLE = Automatic;
				DEVELOPMENT_ASSET_PATHS = "\"QR_Generator/Preview Content\"";
				DEVELOPMENT_TEAM = JL4L79WG69;
				ENABLE_PREVIEWS = YES;
				INFOPLIST_FILE = QR_Generator/Info.plist;
				IPHONEOS_DEPLOYMENT_TARGET = 14.0;
				LD_RUNPATH_SEARCH_PATHS = (
					"$(inherited)",
					"@executable_path/Frameworks",
				);
				PRODUCT_BUNDLE_IDENTIFIER = "ITESM.QR-Generator";
				PRODUCT_NAME = "$(TARGET_NAME)";
				SWIFT_VERSION = 5.0;
				TARGETED_DEVICE_FAMILY = "1,2";
			};
			name = Release;
		};
/* End XCBuildConfiguration section */

/* Begin XCConfigurationList section */
		FB07B640271DBA4C0056A5E5 /* Build configuration list for PBXProject "QR_Generator" */ = {
			isa = XCConfigurationList;
			buildConfigurations = (
				FB07B652271DBA4F0056A5E5 /* Debug */,
				FB07B653271DBA4F0056A5E5 /* Release */,
			);
			defaultConfigurationIsVisible = 0;
			defaultConfigurationName = Release;
		};
		FB07B654271DBA4F0056A5E5 /* Build configuration list for PBXNativeTarget "QR_Generator" */ = {
			isa = XCConfigurationList;
			buildConfigurations = (
				FB07B655271DBA4F0056A5E5 /* Debug */,
				FB07B656271DBA4F0056A5E5 /* Release */,
			);
			defaultConfigurationIsVisible = 0;
			defaultConfigurationName = Release;
		};
/* End XCConfigurationList section */

/* Begin XCRemoteSwiftPackageReference section */
		FB6E76A72734335D00862725 /* XCRemoteSwiftPackageReference "CodeScanner" */ = {
			isa = XCRemoteSwiftPackageReference;
			repositoryURL = "https://github.com/twostraws/CodeScanner";
			requirement = {
				kind = upToNextMajorVersion;
				minimumVersion = 1.0.7;
			};
		};
/* End XCRemoteSwiftPackageReference section */

/* Begin XCSwiftPackageProductDependency section */
		FB6E76A82734335D00862725 /* CodeScanner */ = {
			isa = XCSwiftPackageProductDependency;
			package = FB6E76A72734335D00862725 /* XCRemoteSwiftPackageReference "CodeScanner" */;
			productName = CodeScanner;
		};
/* End XCSwiftPackageProductDependency section */
	};
	rootObject = FB07B63D271DBA4C0056A5E5 /* Project object */;
}
